<Solution>
  <Project Path="VctFantasy.Domain/VctFantasy.Domain.csproj" Id="36ee28cf-21f7-49fd-a358-c0e8005b93bc" />
  <Project Path="VctFantasy.Infrastructure/VctFantasy.Infrastructure.csproj" Id="e1213c2d-f8c7-46d7-9025-d1207c71490d" />
  <Project Path="VctFantasy/VctFantasy.csproj" />
</Solution>
